// !$*UTF8*$!
{
	archiveVersion = 1;
	classes = {
	};
	objectVersion = 46;
	objects = {

/* Begin PBXBuildFile section */
		5687FFA11C01287400C48936 /* cpuinfo_x86.c in Sources */ = {isa = PBXBuildFile; fileRef = 5687FFA01C01287400C48936 /* cpuinfo_x86.c */; };
/* End PBXBuildFile section */

/* Begin PBXCopyFilesBuildPhase section */
		5687FF9B1C01287400C48936 /* CopyFiles */ = {
			isa = PBXCopyFilesBuildPhase;
			buildActionMask = 2147483647;
			dstPath = /usr/share/man/man1/;
			dstSubfolderSpec = 0;
			files = (
			);
			runOnlyForDeploymentPostprocessing = 1;
		};
/* End PBXCopyFilesBuildPhase section */

/* Begin PBXFileReference section */
		5687FF9D1C01287400C48936 /* cpuid_sgx_info */ = {isa = PBXFileReference; explicitFileType = "compiled.mach-o.executable"; includeInIndex = 0; path = cpuid_sgx_info; sourceTree = BUILT_PRODUCTS_DIR; };
		5687FFA01C01287400C48936 /* cpuinfo_x86.c */ = {isa = PBXFileReference; lastKnownFileType = sourcecode.c.c; path = cpuinfo_x86.c; sourceTree = "<group>"; };
/* End PBXFileReference section */

/* Begin PBXFrameworksBuildPhase section */
		5687FF9A1C01287400C48936 /* Frameworks */ = {
			isa = PBXFrameworksBuildPhase;
			buildActionMask = 2147483647;
			files = (
			);
			runOnlyForDeploymentPostprocessing = 0;
		};
/* End PBXFrameworksBuildPhase section */

/* Begin PBXGroup section */
		5687FF941C01287400C48936 = {
			isa = PBXGroup;
			children = (
				5687FF9F1C01287400C48936 /* cpuid_sgx_info */,
				5687FF9E1C01287400C48936 /* Products */,
			);
			sourceTree = "<group>";
		};
		5687FF9E1C01287400C48936 /* Products */ = {
			isa = PBXGroup;
			children = (
				5687FF9D1C01287400C48936 /* cpuid_sgx_info */,
			);
			name = Products;
			sourceTree = "<group>";
		};
		5687FF9F1C01287400C48936 /* cpuid_sgx_info */ = {
			isa = PBXGroup;
			children = (
				5687FFA01C01287400C48936 /* cpuinfo_x86.c */,
			);
			path = cpuid_sgx_info;
			sourceTree = "<group>";
		};
/* End PBXGroup section */

/* Begin PBXNativeTarget section */
		5687FF9C1C01287400C48936 /* cpuid_sgx_info */ = {
			isa = PBXNativeTarget;
			buildConfigurationList = 5687FFA41C01287400C48936 /* Build configuration list for PBXNativeTarget "cpuid_sgx_info" */;
			buildPhases = (
				5687FF991C01287400C48936 /* Sources */,
				5687FF9A1C01287400C48936 /* Frameworks */,
				5687FF9B1C01287400C48936 /* CopyFiles */,
			);
			buildRules = (
			);
			dependencies = (
			);
			name = cpuid_sgx_info;
			productName = cpuid_sgx_info;
			productReference = 5687FF9D1C01287400C48936 /* cpuid_sgx_info */;
			productType = "com.apple.product-type.tool";
		};
/* End PBXNativeTarget section */

/* Begin PBXProject section */
		5687FF951C01287400C48936 /* Project object */ = {
			isa = PBXProject;
			attributes = {
				LastUpgradeCheck = 0710;
				ORGANIZATIONNAME = "Yogesh Swami";
				TargetAttributes = {
					5687FF9C1C01287400C48936 = {
						CreatedOnToolsVersion = 7.1.1;
					};
				};
			};
			buildConfigurationList = 5687FF981C01287400C48936 /* Build configuration list for PBXProject "cpuid_sgx_info" */;
			compatibilityVersion = "Xcode 3.2";
			developmentRegion = English;
			hasScannedForEncodings = 0;
			knownRegions = (
				en,
			);
			mainGroup = 5687FF941C01287400C48936;
			productRefGroup = 5687FF9E1C01287400C48936 /* Products */;
			projectDirPath = "";
			projectRoot = "";
			targets = (
				5687FF9C1C01287400C48936 /* cpuid_sgx_info */,
			);
		};
/* End PBXProject section */

/* Begin PBXSourcesBuildPhase section */
		5687FF991C01287400C48936 /* Sources */ = {
			isa = PBXSourcesBuildPhase;
			buildActionMask = 2147483647;
			files = (
				5687FFA11C01287400C48936 /* cpuinfo_x86.c in Sources */,
			);
			runOnlyForDeploymentPostprocessing = 0;
		};
/* End PBXSourcesBuildPhase section */

/* Begin XCBuildConfiguration section */
		5687FFA21C01287400C48936 /* Debug */ = {
			isa = XCBuildConfiguration;
			buildSettings = {
				ALWAYS_SEARCH_USER_PATHS = NO;
				CLANG_CXX_LANGUAGE_STANDARD = "gnu++0x";
				CLANG_CXX_LIBRARY = "libc++";
				CLANG_ENABLE_MODULES = YES;
				CLANG_ENABLE_OBJC_ARC = YES;
				CLANG_WARN_BOOL_CONVERSION = YES;
				CLANG_WARN_CONSTANT_CONVERSION = YES;
				CLANG_WARN_DIRECT_OBJC_ISA_USAGE = YES_ERROR;
				CLANG_WARN_EMPTY_BODY = YES;
				CLANG_WARN_ENUM_CONVERSION = YES;
				CLANG_WARN_INT_CONVERSION = YES;
				CLANG_WARN_OBJC_ROOT_CLASS = YES_ERROR;
				CLANG_WARN_UNREACHABLE_CODE = YES;
				CLANG_WARN__DUPLICATE_METHOD_MATCH = YES;
				CODE_SIGN_IDENTITY = "-";
				COPY_PHASE_STRIP = NO;
				DEBUG_INFORMATION_FORMAT = dwarf;
				ENABLE_STRICT_OBJC_MSGSEND = YES;
				ENABLE_TESTABILITY = YES;
				GCC_C_LANGUAGE_STANDARD = gnu99;
				GCC_DYNAMIC_NO_PIC = NO;
				GCC_NO_COMMON_BLOCKS = YES;
				GCC_OPTIMIZATION_LEVEL = 0;
				GCC_PREPROCESSOR_DEFINITIONS = (
					"DEBUG=1",
					"$(inherited)",
				);
				GCC_WARN_64_TO_32_BIT_CONVERSION = YES;
				GCC_WARN_ABOUT_RETURN_TYPE = YES_ERROR;
				GCC_WARN_UNDECLARED_SELECTOR = YES;
				GCC_WARN_UNINITIALIZED_AUTOS = YES_AGGRESSIVE;
				GCC_WARN_UNUSED_FUNCTION = YES;
				GCC_WARN_UNUSED_VARIABLE = YES;
				MACOSX_DEPLOYMENT_TARGET = 10.11;
				MTL_ENABLE_DEBUG_INFO = YES;
				ONLY_ACTIVE_ARCH = YES;
				SDKROOT = macosx;
			};
			name = Debug;
		};
		5687FFA31C01287400C48936 /* Release */ = {
			isa = XCBuildConfiguration;
			buildSettings = {
				ALWAYS_SEARCH_USER_PATHS = NO;
				CLANG_CXX_LANGUAGE_STANDARD = "gnu++0x";
				CLANG_CXX_LIBRARY = "libc++";
				CLANG_ENABLE_MODULES = YES;
				CLANG_ENABLE_OBJC_ARC = YES;
				CLANG_WARN_BOOL_CONVERSION = YES;
				CLANG_WARN_CONSTANT_CONVERSION = YES;
				CLANG_WARN_DIRECT_OBJC_ISA_USAGE = YES_ERROR;
				CLANG_WARN_EMPTY_BODY = YES;
				CLANG_WARN_ENUM_CONVERSION = YES;
				CLANG_WARN_INT_CONVERSION = YES;
				CLANG_WARN_OBJC_ROOT_CLASS = YES_ERROR;
				CLANG_WARN_UNREACHABLE_CODE = YES;
				CLANG_WARN__DUPLICATE_METHOD_MATCH = YES;
				CODE_SIGN_IDENTITY = "-";
				COPY_PHASE_STRIP = NO;
				DEBUG_INFORMATION_FORMAT = "dwarf-with-dsym";
				ENABLE_NS_ASSERTIONS = NO;
				ENABLE_STRICT_OBJC_MSGSEND = YES;
				GCC_C_LANGUAGE_STANDARD = gnu99;
				GCC_NO_COMMON_BLOCKS = YES;
				GCC_WARN_64_TO_32_BIT_CONVERSION = YES;
				GCC_WARN_ABOUT_RETURN_TYPE = YES_ERROR;
				GCC_WARN_UNDECLARED_SELECTOR = YES;
				GCC_WARN_UNINITIALIZED_AUTOS = YES_AGGRESSIVE;
				GCC_WARN_UNUSED_FUNCTION = YES;
				GCC_WARN_UNUSED_VARIABLE = YES;
				MACOSX_DEPLOYMENT_TARGET = 10.11;
				MTL_ENABLE_DEBUG_INFO = NO;
				SDKROOT = macosx;
			};
			name = Release;
		};
		5687FFA51C01287400C48936 /* Debug */ = {
			isa = XCBuildConfiguration;
			buildSettings = {
				PRODUCT_NAME = "$(TARGET_NAME)";
			};
			name = Debug;
		};
		5687FFA61C01287400C48936 /* Release */ = {
			isa = XCBuildConfiguration;
			buildSettings = {
				PRODUCT_NAME = "$(TARGET_NAME)";
			};
			name = Release;
		};
/* End XCBuildConfiguration section */

/* Begin XCConfigurationList section */
		5687FF981C01287400C48936 /* Build configuration list for PBXProject "cpuid_sgx_info" */ = {
			isa = XCConfigurationList;
			buildConfigurations = (
				5687FFA21C01287400C48936 /* Debug */,
				5687FFA31C01287400C48936 /* Release */,
			);
			defaultConfigurationIsVisible = 0;
			defaultConfigurationName = Release;
		};
		5687FFA41C01287400C48936 /* Build configuration list for PBXNativeTarget "cpuid_sgx_info" */ = {
			isa = XCConfigurationList;
			buildConfigurations = (
				5687FFA51C01287400C48936 /* Debug */,
				5687FFA61C01287400C48936 /* Release */,
			);
			defaultConfigurationIsVisible = 0;
		};
/* End XCConfigurationList section */
	};
	rootObject = 5687FF951C01287400C48936 /* Project object */;
}
